// !$*UTF8*$!
{
	archiveVersion = 1;
	classes = {
	};
	objectVersion = 46;
	objects = {

/* Begin PBXBuildFile section */
		530E06901F456C19001CE51D /* AppDelegate.swift in Sources */ = {isa = PBXBuildFile; fileRef = 530E068F1F456C19001CE51D /* AppDelegate.swift */; };
		530E06921F456C19001CE51D /* ViewController.swift in Sources */ = {isa = PBXBuildFile; fileRef = 530E06911F456C19001CE51D /* ViewController.swift */; };
		530E06951F456C19001CE51D /* Main.storyboard in Resources */ = {isa = PBXBuildFile; fileRef = 530E06931F456C19001CE51D /* Main.storyboard */; };
		530E06971F456C19001CE51D /* Assets.xcassets in Resources */ = {isa = PBXBuildFile; fileRef = 530E06961F456C19001CE51D /* Assets.xcassets */; };
		530E069A1F456C19001CE51D /* LaunchScreen.storyboard in Resources */ = {isa = PBXBuildFile; fileRef = 530E06981F456C19001CE51D /* LaunchScreen.storyboard */; };
		530E06A21F4573CB001CE51D /* pokemon.csv in Resources */ = {isa = PBXBuildFile; fileRef = 530E06A11F4573CB001CE51D /* pokemon.csv */; };
/* End PBXBuildFile section */

/* Begin PBXFileReference section */
		530E068C1F456C19001CE51D /* PokeDexter.app */ = {isa = PBXFileReference; explicitFileType = wrapper.application; includeInIndex = 0; path = PokeDexter.app; sourceTree = BUILT_PRODUCTS_DIR; };
		530E068F1F456C19001CE51D /* AppDelegate.swift */ = {isa = PBXFileReference; lastKnownFileType = sourcecode.swift; path = AppDelegate.swift; sourceTree = "<group>"; };
		530E06911F456C19001CE51D /* ViewController.swift */ = {isa = PBXFileReference; lastKnownFileType = sourcecode.swift; path = ViewController.swift; sourceTree = "<group>"; };
		530E06941F456C19001CE51D /* Base */ = {isa = PBXFileReference; lastKnownFileType = file.storyboard; name = Base; path = Base.lproj/Main.storyboard; sourceTree = "<group>"; };
		530E06961F456C19001CE51D /* Assets.xcassets */ = {isa = PBXFileReference; lastKnownFileType = folder.assetcatalog; path = Assets.xcassets; sourceTree = "<group>"; };
		530E06991F456C19001CE51D /* Base */ = {isa = PBXFileReference; lastKnownFileType = file.storyboard; name = Base; path = Base.lproj/LaunchScreen.storyboard; sourceTree = "<group>"; };
		530E069B1F456C19001CE51D /* Info.plist */ = {isa = PBXFileReference; lastKnownFileType = text.plist.xml; path = Info.plist; sourceTree = "<group>"; };
		530E06A11F4573CB001CE51D /* pokemon.csv */ = {isa = PBXFileReference; fileEncoding = 4; lastKnownFileType = text; path = pokemon.csv; sourceTree = "<group>"; };
/* End PBXFileReference section */

/* Begin PBXFrameworksBuildPhase section */
		530E06891F456C19001CE51D /* Frameworks */ = {
			isa = PBXFrameworksBuildPhase;
			buildActionMask = 2147483647;
			files = (
			);
			runOnlyForDeploymentPostprocessing = 0;
		};
/* End PBXFrameworksBuildPhase section */

/* Begin PBXGroup section */
		530E06831F456C19001CE51D = {
			isa = PBXGroup;
			children = (
				530E068E1F456C19001CE51D /* PokeDexter */,
				530E068D1F456C19001CE51D /* Products */,
			);
			sourceTree = "<group>";
		};
		530E068D1F456C19001CE51D /* Products */ = {
			isa = PBXGroup;
			children = (
				530E068C1F456C19001CE51D /* PokeDexter.app */,
			);
			name = Products;
			sourceTree = "<group>";
		};
		530E068E1F456C19001CE51D /* PokeDexter */ = {
			isa = PBXGroup;
			children = (
				530E068F1F456C19001CE51D /* AppDelegate.swift */,
				530E06911F456C19001CE51D /* ViewController.swift */,
				530E06931F456C19001CE51D /* Main.storyboard */,
				530E06961F456C19001CE51D /* Assets.xcassets */,
				530E06A11F4573CB001CE51D /* pokemon.csv */,
				530E06981F456C19001CE51D /* LaunchScreen.storyboard */,
				530E069B1F456C19001CE51D /* Info.plist */,
			);
			path = PokeDexter;
			sourceTree = "<group>";
		};
/* End PBXGroup section */

/* Begin PBXNativeTarget section */
		530E068B1F456C19001CE51D /* PokeDexter */ = {
			isa = PBXNativeTarget;
			buildConfigurationList = 530E069E1F456C19001CE51D /* Build configuration list for PBXNativeTarget "PokeDexter" */;
			buildPhases = (
				530E06881F456C19001CE51D /* Sources */,
				530E06891F456C19001CE51D /* Frameworks */,
				530E068A1F456C19001CE51D /* Resources */,
			);
			buildRules = (
			);
			dependencies = (
			);
			name = PokeDexter;
			productName = PokeDexter;
			productReference = 530E068C1F456C19001CE51D /* PokeDexter.app */;
			productType = "com.apple.product-type.application";
		};
/* End PBXNativeTarget section */

/* Begin PBXProject section */
		530E06841F456C19001CE51D /* Project object */ = {
			isa = PBXProject;
			attributes = {
				LastSwiftUpdateCheck = 0820;
				LastUpgradeCheck = 0820;
				ORGANIZATIONNAME = "Blueray Systems & Solutions";
				TargetAttributes = {
					530E068B1F456C19001CE51D = {
						CreatedOnToolsVersion = 8.2.1;
						ProvisioningStyle = Automatic;
					};
				};
			};
			buildConfigurationList = 530E06871F456C19001CE51D /* Build configuration list for PBXProject "PokeDexter" */;
			compatibilityVersion = "Xcode 3.2";
			developmentRegion = English;
			hasScannedForEncodings = 0;
			knownRegions = (
				en,
				Base,
			);
			mainGroup = 530E06831F456C19001CE51D;
			productRefGroup = 530E068D1F456C19001CE51D /* Products */;
			projectDirPath = "";
			projectRoot = "";
			targets = (
				530E068B1F456C19001CE51D /* PokeDexter */,
			);
		};
/* End PBXProject section */

/* Begin PBXResourcesBuildPhase section */
		530E068A1F456C19001CE51D /* Resources */ = {
			isa = PBXResourcesBuildPhase;
			buildActionMask = 2147483647;
			files = (
				530E069A1F456C19001CE51D /* LaunchScreen.storyboard in Resources */,
				530E06971F456C19001CE51D /* Assets.xcassets in Resources */,
				530E06A21F4573CB001CE51D /* pokemon.csv in Resources */,
				530E06951F456C19001CE51D /* Main.storyboard in Resources */,
			);
			runOnlyForDeploymentPostprocessing = 0;
		};
/* End PBXResourcesBuildPhase section */

/* Begin PBXSourcesBuildPhase section */
		530E06881F456C19001CE51D /* Sources */ = {
			isa = PBXSourcesBuildPhase;
			buildActionMask = 2147483647;
			files = (
				530E06921F456C19001CE51D /* ViewController.swift in Sources */,
				530E06901F456C19001CE51D /* AppDelegate.swift in Sources */,
			);
			runOnlyForDeploymentPostprocessing = 0;
		};
/* End PBXSourcesBuildPhase section */

/* Begin PBXVariantGroup section */
		530E06931F456C19001CE51D /* Main.storyboard */ = {
			isa = PBXVariantGroup;
			children = (
				530E06941F456C19001CE51D /* Base */,
			);
			name = Main.storyboard;
			sourceTree = "<group>";
		};
		530E06981F456C19001CE51D /* LaunchScreen.storyboard */ = {
			isa = PBXVariantGroup;
			children = (
				530E06991F456C19001CE51D /* Base */,
			);
			name = LaunchScreen.storyboard;
			sourceTree = "<group>";
		};
/* End PBXVariantGroup section */

/* Begin XCBuildConfiguration section */
		530E069C1F456C19001CE51D /* Debug */ = {
			isa = XCBuildConfiguration;
			buildSettings = {
				ALWAYS_SEARCH_USER_PATHS = NO;
				CLANG_ANALYZER_NONNULL = YES;
				CLANG_CXX_LANGUAGE_STANDARD = "gnu++0x";
				CLANG_CXX_LIBRARY = "libc++";
				CLANG_ENABLE_MODULES = YES;
				CLANG_ENABLE_OBJC_ARC = YES;
				CLANG_WARN_BOOL_CONVERSION = YES;
				CLANG_WARN_CONSTANT_CONVERSION = YES;
				CLANG_WARN_DIRECT_OBJC_ISA_USAGE = YES_ERROR;
				CLANG_WARN_DOCUMENTATION_COMMENTS = YES;
				CLANG_WARN_EMPTY_BODY = YES;
				CLANG_WARN_ENUM_CONVERSION = YES;
				CLANG_WARN_INFINITE_RECURSION = YES;
				CLANG_WARN_INT_CONVERSION = YES;
				CLANG_WARN_OBJC_ROOT_CLASS = YES_ERROR;
				CLANG_WARN_SUSPICIOUS_MOVE = YES;
				CLANG_WARN_UNREACHABLE_CODE = YES;
				CLANG_WARN__DUPLICATE_METHOD_MATCH = YES;
				"CODE_SIGN_IDENTITY[sdk=iphoneos*]" = "iPhone Developer";
				COPY_PHASE_STRIP = NO;
				DEBUG_INFORMATION_FORMAT = dwarf;
				ENABLE_STRICT_OBJC_MSGSEND = YES;
				ENABLE_TESTABILITY = YES;
				GCC_C_LANGUAGE_STANDARD = gnu99;
				GCC_DYNAMIC_NO_PIC = NO;
				GCC_NO_COMMON_BLOCKS = YES;
				GCC_OPTIMIZATION_LEVEL = 0;
				GCC_PREPROCESSOR_DEFINITIONS = (
					"DEBUG=1",
					"$(inherited)",
				);
				GCC_WARN_64_TO_32_BIT_CONVERSION = YES;
				GCC_WARN_ABOUT_RETURN_TYPE = YES_ERROR;
				GCC_WARN_UNDECLARED_SELECTOR = YES;
				GCC_WARN_UNINITIALIZED_AUTOS = YES_AGGRESSIVE;
				GCC_WARN_UNUSED_FUNCTION = YES;
				GCC_WARN_UNUSED_VARIABLE = YES;
				IPHONEOS_DEPLOYMENT_TARGET = 10.2;
				MTL_ENABLE_DEBUG_INFO = YES;
				ONLY_ACTIVE_ARCH = YES;
				SDKROOT = iphoneos;
				SWIFT_ACTIVE_COMPILATION_CONDITIONS = DEBUG;
				SWIFT_OPTIMIZATION_LEVEL = "-Onone";
				TARGETED_DEVICE_FAMILY = "1,2";
			};
			name = Debug;
		};
		530E069D1F456C19001CE51D /* Release */ = {
			isa = XCBuildConfiguration;
			buildSettings = {
				ALWAYS_SEARCH_USER_PATHS = NO;
				CLANG_ANALYZER_NONNULL = YES;
				CLANG_CXX_LANGUAGE_STANDARD = "gnu++0x";
				CLANG_CXX_LIBRARY = "libc++";
				CLANG_ENABLE_MODULES = YES;
				CLANG_ENABLE_OBJC_ARC = YES;
				CLANG_WARN_BOOL_CONVERSION = YES;
				CLANG_WARN_CONSTANT_CONVERSION = YES;
				CLANG_WARN_DIRECT_OBJC_ISA_USAGE = YES_ERROR;
				CLANG_WARN_DOCUMENTATION_COMMENTS = YES;
				CLANG_WARN_EMPTY_BODY = YES;
				CLANG_WARN_ENUM_CONVERSION = YES;
				CLANG_WARN_INFINITE_RECURSION = YES;
				CLANG_WARN_INT_CONVERSION = YES;
				CLANG_WARN_OBJC_ROOT_CLASS = YES_ERROR;
				CLANG_WARN_SUSPICIOUS_MOVE = YES;
				CLANG_WARN_UNREACHABLE_CODE = YES;
				CLANG_WARN__DUPLICATE_METHOD_MATCH = YES;
				"CODE_SIGN_IDENTITY[sdk=iphoneos*]" = "iPhone Developer";
				COPY_PHASE_STRIP = NO;
				DEBUG_INFORMATION_FORMAT = "dwarf-with-dsym";
				ENABLE_NS_ASSERTIONS = NO;
				ENABLE_STRICT_OBJC_MSGSEND = YES;
				GCC_C_LANGUAGE_STANDARD = gnu99;
				GCC_NO_COMMON_BLOCKS = YES;
				GCC_WARN_64_TO_32_BIT_CONVERSION = YES;
				GCC_WARN_ABOUT_RETURN_TYPE = YES_ERROR;
				GCC_WARN_UNDECLARED_SELECTOR = YES;
				GCC_WARN_UNINITIALIZED_AUTOS = YES_AGGRESSIVE;
				GCC_WARN_UNUSED_FUNCTION = YES;
				GCC_WARN_UNUSED_VARIABLE = YES;
				IPHONEOS_DEPLOYMENT_TARGET = 10.2;
				MTL_ENABLE_DEBUG_INFO = NO;
				SDKROOT = iphoneos;
				SWIFT_OPTIMIZATION_LEVEL = "-Owholemodule";
				TARGETED_DEVICE_FAMILY = "1,2";
				VALIDATE_PRODUCT = YES;
			};
			name = Release;
		};
		530E069F1F456C19001CE51D /* Debug */ = {
			isa = XCBuildConfiguration;
			buildSettings = {
				ASSETCATALOG_COMPILER_APPICON_NAME = AppIcon;
				INFOPLIST_FILE = PokeDexter/Info.plist;
				LD_RUNPATH_SEARCH_PATHS = "$(inherited) @executable_path/Frameworks";
				PRODUCT_BUNDLE_IDENTIFIER = com.nejitawo.PokeDexter;
				PRODUCT_NAME = "$(TARGET_NAME)";
				SWIFT_VERSION = 3.0;
			};
			name = Debug;
		};
		530E06A01F456C19001CE51D /* Release */ = {
			isa = XCBuildConfiguration;
			buildSettings = {
				ASSETCATALOG_COMPILER_APPICON_NAME = AppIcon;
				INFOPLIST_FILE = PokeDexter/Info.plist;
				LD_RUNPATH_SEARCH_PATHS = "$(inherited) @executable_path/Frameworks";
				PRODUCT_BUNDLE_IDENTIFIER = com.nejitawo.PokeDexter;
				PRODUCT_NAME = "$(TARGET_NAME)";
				SWIFT_VERSION = 3.0;
			};
			name = Release;
		};
/* End XCBuildConfiguration section */

/* Begin XCConfigurationList section */
		530E06871F456C19001CE51D /* Build configuration list for PBXProject "PokeDexter" */ = {
			isa = XCConfigurationList;
			buildConfigurations = (
				530E069C1F456C19001CE51D /* Debug */,
				530E069D1F456C19001CE51D /* Release */,
			);
			defaultConfigurationIsVisible = 0;
			defaultConfigurationName = Release;
		};
		530E069E1F456C19001CE51D /* Build configuration list for PBXNativeTarget "PokeDexter" */ = {
			isa = XCConfigurationList;
			buildConfigurations = (
				530E069F1F456C19001CE51D /* Debug */,
				530E06A01F456C19001CE51D /* Release */,
			);
			defaultConfigurationIsVisible = 0;
		};
/* End XCConfigurationList section */
	};
	rootObject = 530E06841F456C19001CE51D /* Project object */;
}
